
Microsoft Visual Studio Solution File, Format Version 12.00
# Visual Studio Version 17
VisualStudioVersion = 17.13.35828.75 d17.13
MinimumVisualStudioVersion = 10.0.40219.1
Project("{FAE04EC0-301F-11D3-BF4B-00C04F79EFBC}") = "NTTDataTest.API", "NTTDataTest.API\NTTDataTest.API.csproj", "{32B8CC26-4741-41B6-B6B0-15C258FDA617}"
EndProject
Project("{FAE04EC0-301F-11D3-BF4B-00C04F79EFBC}") = "NTTDataTest.Domain", "NTTDataTest.Domain\NTTDataTest.Domain.csproj", "{7A41C36E-41A7-499D-932F-6D4F569AFB6C}"
EndProject
Project("{FAE04EC0-301F-11D3-BF4B-00C04F79EFBC}") = "NTTDataTest.ORM", "NTTDataTest.ORM\NTTDataTest.ORM.csproj", "{2D48A09B-D4B5-47E1-92EA-63A6C8F360FE}"
EndProject
Global
	GlobalSection(SolutionConfigurationPlatforms) = preSolution
		Debug|Any CPU = Debug|Any CPU
		Release|Any CPU = Release|Any CPU
	EndGlobalSection
	GlobalSection(ProjectConfigurationPlatforms) = postSolution
		{32B8CC26-4741-41B6-B6B0-15C258FDA617}.Debug|Any CPU.ActiveCfg = Debug|Any CPU
		{32B8CC26-4741-41B6-B6B0-15C258FDA617}.Debug|Any CPU.Build.0 = Debug|Any CPU
		{32B8CC26-4741-41B6-B6B0-15C258FDA617}.Release|Any CPU.ActiveCfg = Release|Any CPU
		{32B8CC26-4741-41B6-B6B0-15C258FDA617}.Release|Any CPU.Build.0 = Release|Any CPU
		{7A41C36E-41A7-499D-932F-6D4F569AFB6C}.Debug|Any CPU.ActiveCfg = Debug|Any CPU
		{7A41C36E-41A7-499D-932F-6D4F569AFB6C}.Debug|Any CPU.Build.0 = Debug|Any CPU
		{7A41C36E-41A7-499D-932F-6D4F569AFB6C}.Release|Any CPU.ActiveCfg = Release|Any CPU
		{7A41C36E-41A7-499D-932F-6D4F569AFB6C}.Release|Any CPU.Build.0 = Release|Any CPU
		{2D48A09B-D4B5-47E1-92EA-63A6C8F360FE}.Debug|Any CPU.ActiveCfg = Debug|Any CPU
		{2D48A09B-D4B5-47E1-92EA-63A6C8F360FE}.Debug|Any CPU.Build.0 = Debug|Any CPU
		{2D48A09B-D4B5-47E1-92EA-63A6C8F360FE}.Release|Any CPU.ActiveCfg = Release|Any CPU
		{2D48A09B-D4B5-47E1-92EA-63A6C8F360FE}.Release|Any CPU.Build.0 = Release|Any CPU
	EndGlobalSection
	GlobalSection(SolutionProperties) = preSolution
		HideSolutionNode = FALSE
	EndGlobalSection
	GlobalSection(ExtensibilityGlobals) = postSolution
		SolutionGuid = {47BBD2B1-3AD0-4697-AEC1-700352A26205}
	EndGlobalSection
EndGlobal
